
Microsoft Visual Studio Solution File, Format Version 12.00
# Visual Studio 14
VisualStudioVersion = 14.0.25420.1
MinimumVisualStudioVersion = 10.0.40219.1
Project("{FAE04EC0-301F-11D3-BF4B-00C04F79EFBC}") = "DemoMobileServices", "DemoMobileServices\DemoMobileServices\DemoMobileServices.csproj", "{04C25EC2-303A-4054-AF83-8A264FC942A6}"
EndProject
Project("{FAE04EC0-301F-11D3-BF4B-00C04F79EFBC}") = "DemoMobileServices.Droid", "DemoMobileServices\DemoMobileServices.Droid\DemoMobileServices.Droid.csproj", "{82206C63-D6D8-45AC-8321-F1421820A571}"
EndProject
Project("{FAE04EC0-301F-11D3-BF4B-00C04F79EFBC}") = "DemoMobileServices.iOS", "DemoMobileServices\DemoMobileServices.iOS\DemoMobileServices.iOS.csproj", "{FCB09A98-339C-46D6-83C1-0D602118D7C1}"
EndProject
Project("{FAE04EC0-301F-11D3-BF4B-00C04F79EFBC}") = "DemoMobileServices.UITest", "DemoMobileServices.UITest\DemoMobileServices.UITest.csproj", "{6EA4B5BF-C19C-431D-B028-88A3D0C93815}"
EndProject
Global
	GlobalSection(SolutionConfigurationPlatforms) = preSolution
		Ad-Hoc|Any CPU = Ad-Hoc|Any CPU
		Ad-Hoc|ARM = Ad-Hoc|ARM
		Ad-Hoc|iPhone = Ad-Hoc|iPhone
		Ad-Hoc|iPhoneSimulator = Ad-Hoc|iPhoneSimulator
		Ad-Hoc|x64 = Ad-Hoc|x64
		Ad-Hoc|x86 = Ad-Hoc|x86
		AppStore|Any CPU = AppStore|Any CPU
		AppStore|ARM = AppStore|ARM
		AppStore|iPhone = AppStore|iPhone
		AppStore|iPhoneSimulator = AppStore|iPhoneSimulator
		AppStore|x64 = AppStore|x64
		AppStore|x86 = AppStore|x86
		Debug|Any CPU = Debug|Any CPU
		Debug|ARM = Debug|ARM
		Debug|iPhone = Debug|iPhone
		Debug|iPhoneSimulator = Debug|iPhoneSimulator
		Debug|x64 = Debug|x64
		Debug|x86 = Debug|x86
		Release|Any CPU = Release|Any CPU
		Release|ARM = Release|ARM
		Release|iPhone = Release|iPhone
		Release|iPhoneSimulator = Release|iPhoneSimulator
		Release|x64 = Release|x64
		Release|x86 = Release|x86
	EndGlobalSection
	GlobalSection(ProjectConfigurationPlatforms) = postSolution
		{04C25EC2-303A-4054-AF83-8A264FC942A6}.Ad-Hoc|Any CPU.ActiveCfg = Release|Any CPU
		{04C25EC2-303A-4054-AF83-8A264FC942A6}.Ad-Hoc|Any CPU.Build.0 = Release|Any CPU
		{04C25EC2-303A-4054-AF83-8A264FC942A6}.Ad-Hoc|ARM.ActiveCfg = Release|Any CPU
		{04C25EC2-303A-4054-AF83-8A264FC942A6}.Ad-Hoc|ARM.Build.0 = Release|Any CPU
		{04C25EC2-303A-4054-AF83-8A264FC942A6}.Ad-Hoc|iPhone.ActiveCfg = Release|Any CPU
		{04C25EC2-303A-4054-AF83-8A264FC942A6}.Ad-Hoc|iPhone.Build.0 = Release|Any CPU
		{04C25EC2-303A-4054-AF83-8A264FC942A6}.Ad-Hoc|iPhoneSimulator.ActiveCfg = Release|Any CPU
		{04C25EC2-303A-4054-AF83-8A264FC942A6}.Ad-Hoc|iPhoneSimulator.Build.0 = Release|Any CPU
		{04C25EC2-303A-4054-AF83-8A264FC942A6}.Ad-Hoc|x64.ActiveCfg = Release|Any CPU
		{04C25EC2-303A-4054-AF83-8A264FC942A6}.Ad-Hoc|x64.Build.0 = Release|Any CPU
		{04C25EC2-303A-4054-AF83-8A264FC942A6}.Ad-Hoc|x86.ActiveCfg = Release|Any CPU
		{04C25EC2-303A-4054-AF83-8A264FC942A6}.Ad-Hoc|x86.Build.0 = Release|Any CPU
		{04C25EC2-303A-4054-AF83-8A264FC942A6}.AppStore|Any CPU.ActiveCfg = Release|Any CPU
		{04C25EC2-303A-4054-AF83-8A264FC942A6}.AppStore|Any CPU.Build.0 = Release|Any CPU
		{04C25EC2-303A-4054-AF83-8A264FC942A6}.AppStore|ARM.ActiveCfg = Release|Any CPU
		{04C25EC2-303A-4054-AF83-8A264FC942A6}.AppStore|ARM.Build.0 = Release|Any CPU
		{04C25EC2-303A-4054-AF83-8A264FC942A6}.AppStore|iPhone.ActiveCfg = Release|Any CPU
		{04C25EC2-303A-4054-AF83-8A264FC942A6}.AppStore|iPhone.Build.0 = Release|Any CPU
		{04C25EC2-303A-4054-AF83-8A264FC942A6}.AppStore|iPhoneSimulator.ActiveCfg = Release|Any CPU
		{04C25EC2-303A-4054-AF83-8A264FC942A6}.AppStore|iPhoneSimulator.Build.0 = Release|Any CPU
		{04C25EC2-303A-4054-AF83-8A264FC942A6}.AppStore|x64.ActiveCfg = Release|Any CPU
		{04C25EC2-303A-4054-AF83-8A264FC942A6}.AppStore|x64.Build.0 = Release|Any CPU
		{04C25EC2-303A-4054-AF83-8A264FC942A6}.AppStore|x86.ActiveCfg = Release|Any CPU
		{04C25EC2-303A-4054-AF83-8A264FC942A6}.AppStore|x86.Build.0 = Release|Any CPU
		{04C25EC2-303A-4054-AF83-8A264FC942A6}.Debug|Any CPU.ActiveCfg = Debug|Any CPU
		{04C25EC2-303A-4054-AF83-8A264FC942A6}.Debug|Any CPU.Build.0 = Debug|Any CPU
		{04C25EC2-303A-4054-AF83-8A264FC942A6}.Debug|ARM.ActiveCfg = Debug|Any CPU
		{04C25EC2-303A-4054-AF83-8A264FC942A6}.Debug|ARM.Build.0 = Debug|Any CPU
		{04C25EC2-303A-4054-AF83-8A264FC942A6}.Debug|iPhone.ActiveCfg = Debug|Any CPU
		{04C25EC2-303A-4054-AF83-8A264FC942A6}.Debug|iPhone.Build.0 = Debug|Any CPU
		{04C25EC2-303A-4054-AF83-8A264FC942A6}.Debug|iPhoneSimulator.ActiveCfg = Debug|Any CPU
		{04C25EC2-303A-4054-AF83-8A264FC942A6}.Debug|iPhoneSimulator.Build.0 = Debug|Any CPU
		{04C25EC2-303A-4054-AF83-8A264FC942A6}.Debug|x64.ActiveCfg = Debug|Any CPU
		{04C25EC2-303A-4054-AF83-8A264FC942A6}.Debug|x64.Build.0 = Debug|Any CPU
		{04C25EC2-303A-4054-AF83-8A264FC942A6}.Debug|x86.ActiveCfg = Debug|Any CPU
		{04C25EC2-303A-4054-AF83-8A264FC942A6}.Debug|x86.Build.0 = Debug|Any CPU
		{04C25EC2-303A-4054-AF83-8A264FC942A6}.Release|Any CPU.ActiveCfg = Release|Any CPU
		{04C25EC2-303A-4054-AF83-8A264FC942A6}.Release|Any CPU.Build.0 = Release|Any CPU
		{04C25EC2-303A-4054-AF83-8A264FC942A6}.Release|ARM.ActiveCfg = Release|Any CPU
		{04C25EC2-303A-4054-AF83-8A264FC942A6}.Release|ARM.Build.0 = Release|Any CPU
		{04C25EC2-303A-4054-AF83-8A264FC942A6}.Release|iPhone.ActiveCfg = Release|Any CPU
		{04C25EC2-303A-4054-AF83-8A264FC942A6}.Release|iPhone.Build.0 = Release|Any CPU
		{04C25EC2-303A-4054-AF83-8A264FC942A6}.Release|iPhoneSimulator.ActiveCfg = Release|Any CPU
		{04C25EC2-303A-4054-AF83-8A264FC942A6}.Release|iPhoneSimulator.Build.0 = Release|Any CPU
		{04C25EC2-303A-4054-AF83-8A264FC942A6}.Release|x64.ActiveCfg = Release|Any CPU
		{04C25EC2-303A-4054-AF83-8A264FC942A6}.Release|x64.Build.0 = Release|Any CPU
		{04C25EC2-303A-4054-AF83-8A264FC942A6}.Release|x86.ActiveCfg = Release|Any CPU
		{04C25EC2-303A-4054-AF83-8A264FC942A6}.Release|x86.Build.0 = Release|Any CPU
		{82206C63-D6D8-45AC-8321-F1421820A571}.Ad-Hoc|Any CPU.ActiveCfg = Release|Any CPU
		{82206C63-D6D8-45AC-8321-F1421820A571}.Ad-Hoc|Any CPU.Build.0 = Release|Any CPU
		{82206C63-D6D8-45AC-8321-F1421820A571}.Ad-Hoc|Any CPU.Deploy.0 = Release|Any CPU
		{82206C63-D6D8-45AC-8321-F1421820A571}.Ad-Hoc|ARM.ActiveCfg = Release|Any CPU
		{82206C63-D6D8-45AC-8321-F1421820A571}.Ad-Hoc|ARM.Build.0 = Release|Any CPU
		{82206C63-D6D8-45AC-8321-F1421820A571}.Ad-Hoc|ARM.Deploy.0 = Release|Any CPU
		{82206C63-D6D8-45AC-8321-F1421820A571}.Ad-Hoc|iPhone.ActiveCfg = Release|Any CPU
		{82206C63-D6D8-45AC-8321-F1421820A571}.Ad-Hoc|iPhone.Build.0 = Release|Any CPU
		{82206C63-D6D8-45AC-8321-F1421820A571}.Ad-Hoc|iPhone.Deploy.0 = Release|Any CPU
		{82206C63-D6D8-45AC-8321-F1421820A571}.Ad-Hoc|iPhoneSimulator.ActiveCfg = Release|Any CPU
		{82206C63-D6D8-45AC-8321-F1421820A571}.Ad-Hoc|iPhoneSimulator.Build.0 = Release|Any CPU
		{82206C63-D6D8-45AC-8321-F1421820A571}.Ad-Hoc|iPhoneSimulator.Deploy.0 = Release|Any CPU
		{82206C63-D6D8-45AC-8321-F1421820A571}.Ad-Hoc|x64.ActiveCfg = Release|Any CPU
		{82206C63-D6D8-45AC-8321-F1421820A571}.Ad-Hoc|x64.Build.0 = Release|Any CPU
		{82206C63-D6D8-45AC-8321-F1421820A571}.Ad-Hoc|x64.Deploy.0 = Release|Any CPU
		{82206C63-D6D8-45AC-8321-F1421820A571}.Ad-Hoc|x86.ActiveCfg = Release|Any CPU
		{82206C63-D6D8-45AC-8321-F1421820A571}.Ad-Hoc|x86.Build.0 = Release|Any CPU
		{82206C63-D6D8-45AC-8321-F1421820A571}.Ad-Hoc|x86.Deploy.0 = Release|Any CPU
		{82206C63-D6D8-45AC-8321-F1421820A571}.AppStore|Any CPU.ActiveCfg = Release|Any CPU
		{82206C63-D6D8-45AC-8321-F1421820A571}.AppStore|Any CPU.Build.0 = Release|Any CPU
		{82206C63-D6D8-45AC-8321-F1421820A571}.AppStore|Any CPU.Deploy.0 = Release|Any CPU
		{82206C63-D6D8-45AC-8321-F1421820A571}.AppStore|ARM.ActiveCfg = Release|Any CPU
		{82206C63-D6D8-45AC-8321-F1421820A571}.AppStore|ARM.Build.0 = Release|Any CPU
		{82206C63-D6D8-45AC-8321-F1421820A571}.AppStore|ARM.Deploy.0 = Release|Any CPU
		{82206C63-D6D8-45AC-8321-F1421820A571}.AppStore|iPhone.ActiveCfg = Release|Any CPU
		{82206C63-D6D8-45AC-8321-F1421820A571}.AppStore|iPhone.Build.0 = Release|Any CPU
		{82206C63-D6D8-45AC-8321-F1421820A571}.AppStore|iPhone.Deploy.0 = Release|Any CPU
		{82206C63-D6D8-45AC-8321-F1421820A571}.AppStore|iPhoneSimulator.ActiveCfg = Release|Any CPU
		{82206C63-D6D8-45AC-8321-F1421820A571}.AppStore|iPhoneSimulator.Build.0 = Release|Any CPU
		{82206C63-D6D8-45AC-8321-F1421820A571}.AppStore|iPhoneSimulator.Deploy.0 = Release|Any CPU
		{82206C63-D6D8-45AC-8321-F1421820A571}.AppStore|x64.ActiveCfg = Release|Any CPU
		{82206C63-D6D8-45AC-8321-F1421820A571}.AppStore|x64.Build.0 = Release|Any CPU
		{82206C63-D6D8-45AC-8321-F1421820A571}.AppStore|x64.Deploy.0 = Release|Any CPU
		{82206C63-D6D8-45AC-8321-F1421820A571}.AppStore|x86.ActiveCfg = Release|Any CPU
		{82206C63-D6D8-45AC-8321-F1421820A571}.AppStore|x86.Build.0 = Release|Any CPU
		{82206C63-D6D8-45AC-8321-F1421820A571}.AppStore|x86.Deploy.0 = Release|Any CPU
		{82206C63-D6D8-45AC-8321-F1421820A571}.Debug|Any CPU.ActiveCfg = Debug|Any CPU
		{82206C63-D6D8-45AC-8321-F1421820A571}.Debug|Any CPU.Build.0 = Debug|Any CPU
		{82206C63-D6D8-45AC-8321-F1421820A571}.Debug|Any CPU.Deploy.0 = Debug|Any CPU
		{82206C63-D6D8-45AC-8321-F1421820A571}.Debug|ARM.ActiveCfg = Debug|Any CPU
		{82206C63-D6D8-45AC-8321-F1421820A571}.Debug|ARM.Build.0 = Debug|Any CPU
		{82206C63-D6D8-45AC-8321-F1421820A571}.Debug|ARM.Deploy.0 = Debug|Any CPU
		{82206C63-D6D8-45AC-8321-F1421820A571}.Debug|iPhone.ActiveCfg = Debug|Any CPU
		{82206C63-D6D8-45AC-8321-F1421820A571}.Debug|iPhone.Build.0 = Debug|Any CPU
		{82206C63-D6D8-45AC-8321-F1421820A571}.Debug|iPhone.Deploy.0 = Debug|Any CPU
		{82206C63-D6D8-45AC-8321-F1421820A571}.Debug|iPhoneSimulator.ActiveCfg = Debug|Any CPU
		{82206C63-D6D8-45AC-8321-F1421820A571}.Debug|iPhoneSimulator.Build.0 = Debug|Any CPU
		{82206C63-D6D8-45AC-8321-F1421820A571}.Debug|iPhoneSimulator.Deploy.0 = Debug|Any CPU
		{82206C63-D6D8-45AC-8321-F1421820A571}.Debug|x64.ActiveCfg = Debug|Any CPU
		{82206C63-D6D8-45AC-8321-F1421820A571}.Debug|x64.Build.0 = Debug|Any CPU
		{82206C63-D6D8-45AC-8321-F1421820A571}.Debug|x64.Deploy.0 = Debug|Any CPU
		{82206C63-D6D8-45AC-8321-F1421820A571}.Debug|x86.ActiveCfg = Debug|Any CPU
		{82206C63-D6D8-45AC-8321-F1421820A571}.Debug|x86.Build.0 = Debug|Any CPU
		{82206C63-D6D8-45AC-8321-F1421820A571}.Debug|x86.Deploy.0 = Debug|Any CPU
		{82206C63-D6D8-45AC-8321-F1421820A571}.Release|Any CPU.ActiveCfg = Release|Any CPU
		{82206C63-D6D8-45AC-8321-F1421820A571}.Release|Any CPU.Build.0 = Release|Any CPU
		{82206C63-D6D8-45AC-8321-F1421820A571}.Release|Any CPU.Deploy.0 = Release|Any CPU
		{82206C63-D6D8-45AC-8321-F1421820A571}.Release|ARM.ActiveCfg = Release|Any CPU
		{82206C63-D6D8-45AC-8321-F1421820A571}.Release|ARM.Build.0 = Release|Any CPU
		{82206C63-D6D8-45AC-8321-F1421820A571}.Release|ARM.Deploy.0 = Release|Any CPU
		{82206C63-D6D8-45AC-8321-F1421820A571}.Release|iPhone.ActiveCfg = Release|Any CPU
		{82206C63-D6D8-45AC-8321-F1421820A571}.Release|iPhone.Build.0 = Release|Any CPU
		{82206C63-D6D8-45AC-8321-F1421820A571}.Release|iPhone.Deploy.0 = Release|Any CPU
		{82206C63-D6D8-45AC-8321-F1421820A571}.Release|iPhoneSimulator.ActiveCfg = Release|Any CPU
		{82206C63-D6D8-45AC-8321-F1421820A571}.Release|iPhoneSimulator.Build.0 = Release|Any CPU
		{82206C63-D6D8-45AC-8321-F1421820A571}.Release|iPhoneSimulator.Deploy.0 = Release|Any CPU
		{82206C63-D6D8-45AC-8321-F1421820A571}.Release|x64.ActiveCfg = Release|Any CPU
		{82206C63-D6D8-45AC-8321-F1421820A571}.Release|x64.Build.0 = Release|Any CPU
		{82206C63-D6D8-45AC-8321-F1421820A571}.Release|x64.Deploy.0 = Release|Any CPU
		{82206C63-D6D8-45AC-8321-F1421820A571}.Release|x86.ActiveCfg = Release|Any CPU
		{82206C63-D6D8-45AC-8321-F1421820A571}.Release|x86.Build.0 = Release|Any CPU
		{82206C63-D6D8-45AC-8321-F1421820A571}.Release|x86.Deploy.0 = Release|Any CPU
		{FCB09A98-339C-46D6-83C1-0D602118D7C1}.Ad-Hoc|Any CPU.ActiveCfg = Ad-Hoc|iPhone
		{FCB09A98-339C-46D6-83C1-0D602118D7C1}.Ad-Hoc|ARM.ActiveCfg = Ad-Hoc|iPhone
		{FCB09A98-339C-46D6-83C1-0D602118D7C1}.Ad-Hoc|iPhone.ActiveCfg = Ad-Hoc|iPhone
		{FCB09A98-339C-46D6-83C1-0D602118D7C1}.Ad-Hoc|iPhone.Build.0 = Ad-Hoc|iPhone
		{FCB09A98-339C-46D6-83C1-0D602118D7C1}.Ad-Hoc|iPhoneSimulator.ActiveCfg = Ad-Hoc|iPhoneSimulator
		{FCB09A98-339C-46D6-83C1-0D602118D7C1}.Ad-Hoc|iPhoneSimulator.Build.0 = Ad-Hoc|iPhoneSimulator
		{FCB09A98-339C-46D6-83C1-0D602118D7C1}.Ad-Hoc|x64.ActiveCfg = Ad-Hoc|iPhone
		{FCB09A98-339C-46D6-83C1-0D602118D7C1}.Ad-Hoc|x86.ActiveCfg = Ad-Hoc|iPhone
		{FCB09A98-339C-46D6-83C1-0D602118D7C1}.AppStore|Any CPU.ActiveCfg = AppStore|iPhone
		{FCB09A98-339C-46D6-83C1-0D602118D7C1}.AppStore|ARM.ActiveCfg = AppStore|iPhone
		{FCB09A98-339C-46D6-83C1-0D602118D7C1}.AppStore|iPhone.ActiveCfg = AppStore|iPhone
		{FCB09A98-339C-46D6-83C1-0D602118D7C1}.AppStore|iPhone.Build.0 = AppStore|iPhone
		{FCB09A98-339C-46D6-83C1-0D602118D7C1}.AppStore|iPhoneSimulator.ActiveCfg = AppStore|iPhoneSimulator
		{FCB09A98-339C-46D6-83C1-0D602118D7C1}.AppStore|iPhoneSimulator.Build.0 = AppStore|iPhoneSimulator
		{FCB09A98-339C-46D6-83C1-0D602118D7C1}.AppStore|x64.ActiveCfg = AppStore|iPhone
		{FCB09A98-339C-46D6-83C1-0D602118D7C1}.AppStore|x86.ActiveCfg = AppStore|iPhone
		{FCB09A98-339C-46D6-83C1-0D602118D7C1}.Debug|Any CPU.ActiveCfg = Debug|iPhone
		{FCB09A98-339C-46D6-83C1-0D602118D7C1}.Debug|ARM.ActiveCfg = Debug|iPhone
		{FCB09A98-339C-46D6-83C1-0D602118D7C1}.Debug|iPhone.ActiveCfg = Debug|iPhone
		{FCB09A98-339C-46D6-83C1-0D602118D7C1}.Debug|iPhone.Build.0 = Debug|iPhone
		{FCB09A98-339C-46D6-83C1-0D602118D7C1}.Debug|iPhoneSimulator.ActiveCfg = Debug|iPhoneSimulator
		{FCB09A98-339C-46D6-83C1-0D602118D7C1}.Debug|iPhoneSimulator.Build.0 = Debug|iPhoneSimulator
		{FCB09A98-339C-46D6-83C1-0D602118D7C1}.Debug|x64.ActiveCfg = Debug|iPhone
		{FCB09A98-339C-46D6-83C1-0D602118D7C1}.Debug|x86.ActiveCfg = Debug|iPhone
		{FCB09A98-339C-46D6-83C1-0D602118D7C1}.Release|Any CPU.ActiveCfg = Release|iPhone
		{FCB09A98-339C-46D6-83C1-0D602118D7C1}.Release|ARM.ActiveCfg = Release|iPhone
		{FCB09A98-339C-46D6-83C1-0D602118D7C1}.Release|iPhone.ActiveCfg = Release|iPhone
		{FCB09A98-339C-46D6-83C1-0D602118D7C1}.Release|iPhone.Build.0 = Release|iPhone
		{FCB09A98-339C-46D6-83C1-0D602118D7C1}.Release|iPhoneSimulator.ActiveCfg = Release|iPhoneSimulator
		{FCB09A98-339C-46D6-83C1-0D602118D7C1}.Release|iPhoneSimulator.Build.0 = Release|iPhoneSimulator
		{FCB09A98-339C-46D6-83C1-0D602118D7C1}.Release|x64.ActiveCfg = Release|iPhone
		{FCB09A98-339C-46D6-83C1-0D602118D7C1}.Release|x86.ActiveCfg = Release|iPhone
		{6EA4B5BF-C19C-431D-B028-88A3D0C93815}.Ad-Hoc|Any CPU.ActiveCfg = Release|Any CPU
		{6EA4B5BF-C19C-431D-B028-88A3D0C93815}.Ad-Hoc|Any CPU.Build.0 = Release|Any CPU
		{6EA4B5BF-C19C-431D-B028-88A3D0C93815}.Ad-Hoc|ARM.ActiveCfg = Release|Any CPU
		{6EA4B5BF-C19C-431D-B028-88A3D0C93815}.Ad-Hoc|ARM.Build.0 = Release|Any CPU
		{6EA4B5BF-C19C-431D-B028-88A3D0C93815}.Ad-Hoc|iPhone.ActiveCfg = Release|Any CPU
		{6EA4B5BF-C19C-431D-B028-88A3D0C93815}.Ad-Hoc|iPhone.Build.0 = Release|Any CPU
		{6EA4B5BF-C19C-431D-B028-88A3D0C93815}.Ad-Hoc|iPhoneSimulator.ActiveCfg = Release|Any CPU
		{6EA4B5BF-C19C-431D-B028-88A3D0C93815}.Ad-Hoc|iPhoneSimulator.Build.0 = Release|Any CPU
		{6EA4B5BF-C19C-431D-B028-88A3D0C93815}.Ad-Hoc|x64.ActiveCfg = Release|Any CPU
		{6EA4B5BF-C19C-431D-B028-88A3D0C93815}.Ad-Hoc|x64.Build.0 = Release|Any CPU
		{6EA4B5BF-C19C-431D-B028-88A3D0C93815}.Ad-Hoc|x86.ActiveCfg = Release|Any CPU
		{6EA4B5BF-C19C-431D-B028-88A3D0C93815}.Ad-Hoc|x86.Build.0 = Release|Any CPU
		{6EA4B5BF-C19C-431D-B028-88A3D0C93815}.AppStore|Any CPU.ActiveCfg = Release|Any CPU
		{6EA4B5BF-C19C-431D-B028-88A3D0C93815}.AppStore|Any CPU.Build.0 = Release|Any CPU
		{6EA4B5BF-C19C-431D-B028-88A3D0C93815}.AppStore|ARM.ActiveCfg = Release|Any CPU
		{6EA4B5BF-C19C-431D-B028-88A3D0C93815}.AppStore|ARM.Build.0 = Release|Any CPU
		{6EA4B5BF-C19C-431D-B028-88A3D0C93815}.AppStore|iPhone.ActiveCfg = Release|Any CPU
		{6EA4B5BF-C19C-431D-B028-88A3D0C93815}.AppStore|iPhone.Build.0 = Release|Any CPU
		{6EA4B5BF-C19C-431D-B028-88A3D0C93815}.AppStore|iPhoneSimulator.ActiveCfg = Release|Any CPU
		{6EA4B5BF-C19C-431D-B028-88A3D0C93815}.AppStore|iPhoneSimulator.Build.0 = Release|Any CPU
		{6EA4B5BF-C19C-431D-B028-88A3D0C93815}.AppStore|x64.ActiveCfg = Release|Any CPU
		{6EA4B5BF-C19C-431D-B028-88A3D0C93815}.AppStore|x64.Build.0 = Release|Any CPU
		{6EA4B5BF-C19C-431D-B028-88A3D0C93815}.AppStore|x86.ActiveCfg = Release|Any CPU
		{6EA4B5BF-C19C-431D-B028-88A3D0C93815}.AppStore|x86.Build.0 = Release|Any CPU
		{6EA4B5BF-C19C-431D-B028-88A3D0C93815}.Debug|Any CPU.ActiveCfg = Debug|Any CPU
		{6EA4B5BF-C19C-431D-B028-88A3D0C93815}.Debug|Any CPU.Build.0 = Debug|Any CPU
		{6EA4B5BF-C19C-431D-B028-88A3D0C93815}.Debug|ARM.ActiveCfg = Debug|Any CPU
		{6EA4B5BF-C19C-431D-B028-88A3D0C93815}.Debug|ARM.Build.0 = Debug|Any CPU
		{6EA4B5BF-C19C-431D-B028-88A3D0C93815}.Debug|iPhone.ActiveCfg = Debug|Any CPU
		{6EA4B5BF-C19C-431D-B028-88A3D0C93815}.Debug|iPhone.Build.0 = Debug|Any CPU
		{6EA4B5BF-C19C-431D-B028-88A3D0C93815}.Debug|iPhoneSimulator.ActiveCfg = Debug|Any CPU
		{6EA4B5BF-C19C-431D-B028-88A3D0C93815}.Debug|iPhoneSimulator.Build.0 = Debug|Any CPU
		{6EA4B5BF-C19C-431D-B028-88A3D0C93815}.Debug|x64.ActiveCfg = Debug|Any CPU
		{6EA4B5BF-C19C-431D-B028-88A3D0C93815}.Debug|x64.Build.0 = Debug|Any CPU
		{6EA4B5BF-C19C-431D-B028-88A3D0C93815}.Debug|x86.ActiveCfg = Debug|Any CPU
		{6EA4B5BF-C19C-431D-B028-88A3D0C93815}.Debug|x86.Build.0 = Debug|Any CPU
		{6EA4B5BF-C19C-431D-B028-88A3D0C93815}.Release|Any CPU.ActiveCfg = Release|Any CPU
		{6EA4B5BF-C19C-431D-B028-88A3D0C93815}.Release|Any CPU.Build.0 = Release|Any CPU
		{6EA4B5BF-C19C-431D-B028-88A3D0C93815}.Release|ARM.ActiveCfg = Release|Any CPU
		{6EA4B5BF-C19C-431D-B028-88A3D0C93815}.Release|ARM.Build.0 = Release|Any CPU
		{6EA4B5BF-C19C-431D-B028-88A3D0C93815}.Release|iPhone.ActiveCfg = Release|Any CPU
		{6EA4B5BF-C19C-431D-B028-88A3D0C93815}.Release|iPhone.Build.0 = Release|Any CPU
		{6EA4B5BF-C19C-431D-B028-88A3D0C93815}.Release|iPhoneSimulator.ActiveCfg = Release|Any CPU
		{6EA4B5BF-C19C-431D-B028-88A3D0C93815}.Release|iPhoneSimulator.Build.0 = Release|Any CPU
		{6EA4B5BF-C19C-431D-B028-88A3D0C93815}.Release|x64.ActiveCfg = Release|Any CPU
		{6EA4B5BF-C19C-431D-B028-88A3D0C93815}.Release|x64.Build.0 = Release|Any CPU
		{6EA4B5BF-C19C-431D-B028-88A3D0C93815}.Release|x86.ActiveCfg = Release|Any CPU
		{6EA4B5BF-C19C-431D-B028-88A3D0C93815}.Release|x86.Build.0 = Release|Any CPU
	EndGlobalSection
	GlobalSection(SolutionProperties) = preSolution
		HideSolutionNode = FALSE
	EndGlobalSection
EndGlobal
